// !$*UTF8*$!
{
	archiveVersion = 1;
	classes = {
	};
	objectVersion = 50;
	objects = {

/* Begin PBXBuildFile section */
		521681D9215F714E00A461D6 /* AppDelegate.swift in Sources */ = {isa = PBXBuildFile; fileRef = 521681D8215F714E00A461D6 /* AppDelegate.swift */; };
		521681DE215F714E00A461D6 /* Main.storyboard in Resources */ = {isa = PBXBuildFile; fileRef = 521681DC215F714E00A461D6 /* Main.storyboard */; };
		521681E0215F714F00A461D6 /* Assets.xcassets in Resources */ = {isa = PBXBuildFile; fileRef = 521681DF215F714F00A461D6 /* Assets.xcassets */; };
		521681E3215F714F00A461D6 /* LaunchScreen.storyboard in Resources */ = {isa = PBXBuildFile; fileRef = 521681E1215F714F00A461D6 /* LaunchScreen.storyboard */; };
		521681EE215F714F00A461D6 /* LJDouYuTests.swift in Sources */ = {isa = PBXBuildFile; fileRef = 521681ED215F714F00A461D6 /* LJDouYuTests.swift */; };
		521681F9215F714F00A461D6 /* LJDouYuUITests.swift in Sources */ = {isa = PBXBuildFile; fileRef = 521681F8215F714F00A461D6 /* LJDouYuUITests.swift */; };
/* End PBXBuildFile section */

/* Begin PBXContainerItemProxy section */
		521681EA215F714F00A461D6 /* PBXContainerItemProxy */ = {
			isa = PBXContainerItemProxy;
			containerPortal = 521681CD215F714E00A461D6 /* Project object */;
			proxyType = 1;
			remoteGlobalIDString = 521681D4215F714E00A461D6;
			remoteInfo = LJDouYu;
		};
		521681F5215F714F00A461D6 /* PBXContainerItemProxy */ = {
			isa = PBXContainerItemProxy;
			containerPortal = 521681CD215F714E00A461D6 /* Project object */;
			proxyType = 1;
			remoteGlobalIDString = 521681D4215F714E00A461D6;
			remoteInfo = LJDouYu;
		};
/* End PBXContainerItemProxy section */

/* Begin PBXFileReference section */
		521681D5215F714E00A461D6 /* LJDouYu.app */ = {isa = PBXFileReference; explicitFileType = wrapper.application; includeInIndex = 0; path = LJDouYu.app; sourceTree = BUILT_PRODUCTS_DIR; };
		521681D8215F714E00A461D6 /* AppDelegate.swift */ = {isa = PBXFileReference; lastKnownFileType = sourcecode.swift; path = AppDelegate.swift; sourceTree = "<group>"; };
		521681DD215F714E00A461D6 /* Base */ = {isa = PBXFileReference; lastKnownFileType = file.storyboard; name = Base; path = Base.lproj/Main.storyboard; sourceTree = "<group>"; };
		521681DF215F714F00A461D6 /* Assets.xcassets */ = {isa = PBXFileReference; lastKnownFileType = folder.assetcatalog; path = Assets.xcassets; sourceTree = "<group>"; };
		521681E2215F714F00A461D6 /* Base */ = {isa = PBXFileReference; lastKnownFileType = file.storyboard; name = Base; path = Base.lproj/LaunchScreen.storyboard; sourceTree = "<group>"; };
		521681E4215F714F00A461D6 /* Info.plist */ = {isa = PBXFileReference; lastKnownFileType = text.plist.xml; path = Info.plist; sourceTree = "<group>"; };
		521681E9215F714F00A461D6 /* LJDouYuTests.xctest */ = {isa = PBXFileReference; explicitFileType = wrapper.cfbundle; includeInIndex = 0; path = LJDouYuTests.xctest; sourceTree = BUILT_PRODUCTS_DIR; };
		521681ED215F714F00A461D6 /* LJDouYuTests.swift */ = {isa = PBXFileReference; lastKnownFileType = sourcecode.swift; path = LJDouYuTests.swift; sourceTree = "<group>"; };
		521681EF215F714F00A461D6 /* Info.plist */ = {isa = PBXFileReference; lastKnownFileType = text.plist.xml; path = Info.plist; sourceTree = "<group>"; };
		521681F4215F714F00A461D6 /* LJDouYuUITests.xctest */ = {isa = PBXFileReference; explicitFileType = wrapper.cfbundle; includeInIndex = 0; path = LJDouYuUITests.xctest; sourceTree = BUILT_PRODUCTS_DIR; };
		521681F8215F714F00A461D6 /* LJDouYuUITests.swift */ = {isa = PBXFileReference; lastKnownFileType = sourcecode.swift; path = LJDouYuUITests.swift; sourceTree = "<group>"; };
		521681FA215F714F00A461D6 /* Info.plist */ = {isa = PBXFileReference; lastKnownFileType = text.plist.xml; path = Info.plist; sourceTree = "<group>"; };
/* End PBXFileReference section */

/* Begin PBXFrameworksBuildPhase section */
		521681D2215F714E00A461D6 /* Frameworks */ = {
			isa = PBXFrameworksBuildPhase;
			buildActionMask = 2147483647;
			files = (
			);
			runOnlyForDeploymentPostprocessing = 0;
		};
		521681E6215F714F00A461D6 /* Frameworks */ = {
			isa = PBXFrameworksBuildPhase;
			buildActionMask = 2147483647;
			files = (
			);
			runOnlyForDeploymentPostprocessing = 0;
		};
		521681F1215F714F00A461D6 /* Frameworks */ = {
			isa = PBXFrameworksBuildPhase;
			buildActionMask = 2147483647;
			files = (
			);
			runOnlyForDeploymentPostprocessing = 0;
		};
/* End PBXFrameworksBuildPhase section */

/* Begin PBXGroup section */
		521681CC215F714E00A461D6 = {
			isa = PBXGroup;
			children = (
				521681D7215F714E00A461D6 /* LJDouYu */,
				521681EC215F714F00A461D6 /* LJDouYuTests */,
				521681F7215F714F00A461D6 /* LJDouYuUITests */,
				521681D6215F714E00A461D6 /* Products */,
			);
			sourceTree = "<group>";
		};
		521681D6215F714E00A461D6 /* Products */ = {
			isa = PBXGroup;
			children = (
				521681D5215F714E00A461D6 /* LJDouYu.app */,
				521681E9215F714F00A461D6 /* LJDouYuTests.xctest */,
				521681F4215F714F00A461D6 /* LJDouYuUITests.xctest */,
			);
			name = Products;
			sourceTree = "<group>";
		};
		521681D7215F714E00A461D6 /* LJDouYu */ = {
			isa = PBXGroup;
			children = (
				52896AA7216DC49800496F93 /* Class */,
				521681D8215F714E00A461D6 /* AppDelegate.swift */,
				521681DC215F714E00A461D6 /* Main.storyboard */,
				521681DF215F714F00A461D6 /* Assets.xcassets */,
				521681E1215F714F00A461D6 /* LaunchScreen.storyboard */,
				521681E4215F714F00A461D6 /* Info.plist */,
			);
			path = LJDouYu;
			sourceTree = "<group>";
		};
		521681EC215F714F00A461D6 /* LJDouYuTests */ = {
			isa = PBXGroup;
			children = (
				521681ED215F714F00A461D6 /* LJDouYuTests.swift */,
				521681EF215F714F00A461D6 /* Info.plist */,
			);
			path = LJDouYuTests;
			sourceTree = "<group>";
		};
		521681F7215F714F00A461D6 /* LJDouYuUITests */ = {
			isa = PBXGroup;
			children = (
				521681F8215F714F00A461D6 /* LJDouYuUITests.swift */,
				521681FA215F714F00A461D6 /* Info.plist */,
			);
			path = LJDouYuUITests;
			sourceTree = "<group>";
		};
		52896AA7216DC49800496F93 /* Class */ = {
			isa = PBXGroup;
			children = (
				52896AAD216DC51F00496F93 /* Tools */,
				52896AAB216DC4E400496F93 /* Follow */,
				52896AA8216DC4E400496F93 /* Home */,
				52896AAC216DC4E400496F93 /* Live */,
				52896AA9216DC4E400496F93 /* Main */,
				52896AAA216DC4E400496F93 /* Profile */,
			);
			path = Class;
			sourceTree = "<group>";
		};
		52896AA8216DC4E400496F93 /* Home */ = {
			isa = PBXGroup;
			children = (
			);
			path = Home;
			sourceTree = "<group>";
		};
		52896AA9216DC4E400496F93 /* Main */ = {
			isa = PBXGroup;
			children = (
			);
			path = Main;
			sourceTree = "<group>";
		};
		52896AAA216DC4E400496F93 /* Profile */ = {
			isa = PBXGroup;
			children = (
			);
			path = Profile;
			sourceTree = "<group>";
		};
		52896AAB216DC4E400496F93 /* Follow */ = {
			isa = PBXGroup;
			children = (
			);
			path = Follow;
			sourceTree = "<group>";
		};
		52896AAC216DC4E400496F93 /* Live */ = {
			isa = PBXGroup;
			children = (
			);
			path = Live;
			sourceTree = "<group>";
		};
		52896AAD216DC51F00496F93 /* Tools */ = {
			isa = PBXGroup;
			children = (
			);
			path = Tools;
			sourceTree = "<group>";
		};
/* End PBXGroup section */

/* Begin PBXNativeTarget section */
		521681D4215F714E00A461D6 /* LJDouYu */ = {
			isa = PBXNativeTarget;
			buildConfigurationList = 521681FD215F715000A461D6 /* Build configuration list for PBXNativeTarget "LJDouYu" */;
			buildPhases = (
				521681D1215F714E00A461D6 /* Sources */,
				521681D2215F714E00A461D6 /* Frameworks */,
				521681D3215F714E00A461D6 /* Resources */,
			);
			buildRules = (
			);
			dependencies = (
			);
			name = LJDouYu;
			productName = LJDouYu;
			productReference = 521681D5215F714E00A461D6 /* LJDouYu.app */;
			productType = "com.apple.product-type.application";
		};
		521681E8215F714F00A461D6 /* LJDouYuTests */ = {
			isa = PBXNativeTarget;
			buildConfigurationList = 52168200215F715000A461D6 /* Build configuration list for PBXNativeTarget "LJDouYuTests" */;
			buildPhases = (
				521681E5215F714F00A461D6 /* Sources */,
				521681E6215F714F00A461D6 /* Frameworks */,
				521681E7215F714F00A461D6 /* Resources */,
			);
			buildRules = (
			);
			dependencies = (
				521681EB215F714F00A461D6 /* PBXTargetDependency */,
			);
			name = LJDouYuTests;
			productName = LJDouYuTests;
			productReference = 521681E9215F714F00A461D6 /* LJDouYuTests.xctest */;
			productType = "com.apple.product-type.bundle.unit-test";
		};
		521681F3215F714F00A461D6 /* LJDouYuUITests */ = {
			isa = PBXNativeTarget;
			buildConfigurationList = 52168203215F715000A461D6 /* Build configuration list for PBXNativeTarget "LJDouYuUITests" */;
			buildPhases = (
				521681F0215F714F00A461D6 /* Sources */,
				521681F1215F714F00A461D6 /* Frameworks */,
				521681F2215F714F00A461D6 /* Resources */,
			);
			buildRules = (
			);
			dependencies = (
				521681F6215F714F00A461D6 /* PBXTargetDependency */,
			);
			name = LJDouYuUITests;
			productName = LJDouYuUITests;
			productReference = 521681F4215F714F00A461D6 /* LJDouYuUITests.xctest */;
			productType = "com.apple.product-type.bundle.ui-testing";
		};
/* End PBXNativeTarget section */

/* Begin PBXProject section */
		521681CD215F714E00A461D6 /* Project object */ = {
			isa = PBXProject;
			attributes = {
				LastSwiftUpdateCheck = 1000;
				LastUpgradeCheck = 1000;
				ORGANIZATIONNAME = "逯江";
				TargetAttributes = {
					521681D4215F714E00A461D6 = {
						CreatedOnToolsVersion = 10.0;
					};
					521681E8215F714F00A461D6 = {
						CreatedOnToolsVersion = 10.0;
						TestTargetID = 521681D4215F714E00A461D6;
					};
					521681F3215F714F00A461D6 = {
						CreatedOnToolsVersion = 10.0;
						TestTargetID = 521681D4215F714E00A461D6;
					};
				};
			};
			buildConfigurationList = 521681D0215F714E00A461D6 /* Build configuration list for PBXProject "LJDouYu" */;
			compatibilityVersion = "Xcode 9.3";
			developmentRegion = en;
			hasScannedForEncodings = 0;
			knownRegions = (
				en,
				Base,
			);
			mainGroup = 521681CC215F714E00A461D6;
			productRefGroup = 521681D6215F714E00A461D6 /* Products */;
			projectDirPath = "";
			projectRoot = "";
			targets = (
				521681D4215F714E00A461D6 /* LJDouYu */,
				521681E8215F714F00A461D6 /* LJDouYuTests */,
				521681F3215F714F00A461D6 /* LJDouYuUITests */,
			);
		};
/* End PBXProject section */

/* Begin PBXResourcesBuildPhase section */
		521681D3215F714E00A461D6 /* Resources */ = {
			isa = PBXResourcesBuildPhase;
			buildActionMask = 2147483647;
			files = (
				521681E3215F714F00A461D6 /* LaunchScreen.storyboard in Resources */,
				521681E0215F714F00A461D6 /* Assets.xcassets in Resources */,
				521681DE215F714E00A461D6 /* Main.storyboard in Resources */,
			);
			runOnlyForDeploymentPostprocessing = 0;
		};
		521681E7215F714F00A461D6 /* Resources */ = {
			isa = PBXResourcesBuildPhase;
			buildActionMask = 2147483647;
			files = (
			);
			runOnlyForDeploymentPostprocessing = 0;
		};
		521681F2215F714F00A461D6 /* Resources */ = {
			isa = PBXResourcesBuildPhase;
			buildActionMask = 2147483647;
			files = (
			);
			runOnlyForDeploymentPostprocessing = 0;
		};
/* End PBXResourcesBuildPhase section */

/* Begin PBXSourcesBuildPhase section */
		521681D1215F714E00A461D6 /* Sources */ = {
			isa = PBXSourcesBuildPhase;
			buildActionMask = 2147483647;
			files = (
				521681D9215F714E00A461D6 /* AppDelegate.swift in Sources */,
			);
			runOnlyForDeploymentPostprocessing = 0;
		};
		521681E5215F714F00A461D6 /* Sources */ = {
			isa = PBXSourcesBuildPhase;
			buildActionMask = 2147483647;
			files = (
				521681EE215F714F00A461D6 /* LJDouYuTests.swift in Sources */,
			);
			runOnlyForDeploymentPostprocessing = 0;
		};
		521681F0215F714F00A461D6 /* Sources */ = {
			isa = PBXSourcesBuildPhase;
			buildActionMask = 2147483647;
			files = (
				521681F9215F714F00A461D6 /* LJDouYuUITests.swift in Sources */,
			);
			runOnlyForDeploymentPostprocessing = 0;
		};
/* End PBXSourcesBuildPhase section */

/* Begin PBXTargetDependency section */
		521681EB215F714F00A461D6 /* PBXTargetDependency */ = {
			isa = PBXTargetDependency;
			target = 521681D4215F714E00A461D6 /* LJDouYu */;
			targetProxy = 521681EA215F714F00A461D6 /* PBXContainerItemProxy */;
		};
		521681F6215F714F00A461D6 /* PBXTargetDependency */ = {
			isa = PBXTargetDependency;
			target = 521681D4215F714E00A461D6 /* LJDouYu */;
			targetProxy = 521681F5215F714F00A461D6 /* PBXContainerItemProxy */;
		};
/* End PBXTargetDependency section */

/* Begin PBXVariantGroup section */
		521681DC215F714E00A461D6 /* Main.storyboard */ = {
			isa = PBXVariantGroup;
			children = (
				521681DD215F714E00A461D6 /* Base */,
			);
			name = Main.storyboard;
			sourceTree = "<group>";
		};
		521681E1215F714F00A461D6 /* LaunchScreen.storyboard */ = {
			isa = PBXVariantGroup;
			children = (
				521681E2215F714F00A461D6 /* Base */,
			);
			name = LaunchScreen.storyboard;
			sourceTree = "<group>";
		};
/* End PBXVariantGroup section */

/* Begin XCBuildConfiguration section */
		521681FB215F715000A461D6 /* Debug */ = {
			isa = XCBuildConfiguration;
			buildSettings = {
				ALWAYS_SEARCH_USER_PATHS = NO;
				CLANG_ANALYZER_NONNULL = YES;
				CLANG_ANALYZER_NUMBER_OBJECT_CONVERSION = YES_AGGRESSIVE;
				CLANG_CXX_LANGUAGE_STANDARD = "gnu++14";
				CLANG_CXX_LIBRARY = "libc++";
				CLANG_ENABLE_MODULES = YES;
				CLANG_ENABLE_OBJC_ARC = YES;
				CLANG_ENABLE_OBJC_WEAK = YES;
				CLANG_WARN_BLOCK_CAPTURE_AUTORELEASING = YES;
				CLANG_WARN_BOOL_CONVERSION = YES;
				CLANG_WARN_COMMA = YES;
				CLANG_WARN_CONSTANT_CONVERSION = YES;
				CLANG_WARN_DEPRECATED_OBJC_IMPLEMENTATIONS = YES;
				CLANG_WARN_DIRECT_OBJC_ISA_USAGE = YES_ERROR;
				CLANG_WARN_DOCUMENTATION_COMMENTS = YES;
				CLANG_WARN_EMPTY_BODY = YES;
				CLANG_WARN_ENUM_CONVERSION = YES;
				CLANG_WARN_INFINITE_RECURSION = YES;
				CLANG_WARN_INT_CONVERSION = YES;
				CLANG_WARN_NON_LITERAL_NULL_CONVERSION = YES;
				CLANG_WARN_OBJC_IMPLICIT_RETAIN_SELF = YES;
				CLANG_WARN_OBJC_LITERAL_CONVERSION = YES;
				CLANG_WARN_OBJC_ROOT_CLASS = YES_ERROR;
				CLANG_WARN_RANGE_LOOP_ANALYSIS = YES;
				CLANG_WARN_STRICT_PROTOTYPES = YES;
				CLANG_WARN_SUSPICIOUS_MOVE = YES;
				CLANG_WARN_UNGUARDED_AVAILABILITY = YES_AGGRESSIVE;
				CLANG_WARN_UNREACHABLE_CODE = YES;
				CLANG_WARN__DUPLICATE_METHOD_MATCH = YES;
				CODE_SIGN_IDENTITY = "iPhone Developer";
				COPY_PHASE_STRIP = NO;
				DEBUG_INFORMATION_FORMAT = dwarf;
				ENABLE_STRICT_OBJC_MSGSEND = YES;
				ENABLE_TESTABILITY = YES;
				GCC_C_LANGUAGE_STANDARD = gnu11;
				GCC_DYNAMIC_NO_PIC = NO;
				GCC_NO_COMMON_BLOCKS = YES;
				GCC_OPTIMIZATION_LEVEL = 0;
				GCC_PREPROCESSOR_DEFINITIONS = (
					"DEBUG=1",
					"$(inherited)",
				);
				GCC_WARN_64_TO_32_BIT_CONVERSION = YES;
				GCC_WARN_ABOUT_RETURN_TYPE = YES_ERROR;
				GCC_WARN_UNDECLARED_SELECTOR = YES;
				GCC_WARN_UNINITIALIZED_AUTOS = YES_AGGRESSIVE;
				GCC_WARN_UNUSED_FUNCTION = YES;
				GCC_WARN_UNUSED_VARIABLE = YES;
				IPHONEOS_DEPLOYMENT_TARGET = 12.0;
				MTL_ENABLE_DEBUG_INFO = INCLUDE_SOURCE;
				MTL_FAST_MATH = YES;
				ONLY_ACTIVE_ARCH = YES;
				SDKROOT = iphoneos;
				SWIFT_ACTIVE_COMPILATION_CONDITIONS = DEBUG;
				SWIFT_OPTIMIZATION_LEVEL = "-Onone";
			};
			name = Debug;
		};
		521681FC215F715000A461D6 /* Release */ = {
			isa = XCBuildConfiguration;
			buildSettings = {
				ALWAYS_SEARCH_USER_PATHS = NO;
				CLANG_ANALYZER_NONNULL = YES;
				CLANG_ANALYZER_NUMBER_OBJECT_CONVERSION = YES_AGGRESSIVE;
				CLANG_CXX_LANGUAGE_STANDARD = "gnu++14";
				CLANG_CXX_LIBRARY = "libc++";
				CLANG_ENABLE_MODULES = YES;
				CLANG_ENABLE_OBJC_ARC = YES;
				CLANG_ENABLE_OBJC_WEAK = YES;
				CLANG_WARN_BLOCK_CAPTURE_AUTORELEASING = YES;
				CLANG_WARN_BOOL_CONVERSION = YES;
				CLANG_WARN_COMMA = YES;
				CLANG_WARN_CONSTANT_CONVERSION = YES;
				CLANG_WARN_DEPRECATED_OBJC_IMPLEMENTATIONS = YES;
				CLANG_WARN_DIRECT_OBJC_ISA_USAGE = YES_ERROR;
				CLANG_WARN_DOCUMENTATION_COMMENTS = YES;
				CLANG_WARN_EMPTY_BODY = YES;
				CLANG_WARN_ENUM_CONVERSION = YES;
				CLANG_WARN_INFINITE_RECURSION = YES;
				CLANG_WARN_INT_CONVERSION = YES;
				CLANG_WARN_NON_LITERAL_NULL_CONVERSION = YES;
				CLANG_WARN_OBJC_IMPLICIT_RETAIN_SELF = YES;
				CLANG_WARN_OBJC_LITERAL_CONVERSION = YES;
				CLANG_WARN_OBJC_ROOT_CLASS = YES_ERROR;
				CLANG_WARN_RANGE_LOOP_ANALYSIS = YES;
				CLANG_WARN_STRICT_PROTOTYPES = YES;
				CLANG_WARN_SUSPICIOUS_MOVE = YES;
				CLANG_WARN_UNGUARDED_AVAILABILITY = YES_AGGRESSIVE;
				CLANG_WARN_UNREACHABLE_CODE = YES;
				CLANG_WARN__DUPLICATE_METHOD_MATCH = YES;
				CODE_SIGN_IDENTITY = "iPhone Developer";
				COPY_PHASE_STRIP = NO;
				DEBUG_INFORMATION_FORMAT = "dwarf-with-dsym";
				ENABLE_NS_ASSERTIONS = NO;
				ENABLE_STRICT_OBJC_MSGSEND = YES;
				GCC_C_LANGUAGE_STANDARD = gnu11;
				GCC_NO_COMMON_BLOCKS = YES;
				GCC_WARN_64_TO_32_BIT_CONVERSION = YES;
				GCC_WARN_ABOUT_RETURN_TYPE = YES_ERROR;
				GCC_WARN_UNDECLARED_SELECTOR = YES;
				GCC_WARN_UNINITIALIZED_AUTOS = YES_AGGRESSIVE;
				GCC_WARN_UNUSED_FUNCTION = YES;
				GCC_WARN_UNUSED_VARIABLE = YES;
				IPHONEOS_DEPLOYMENT_TARGET = 12.0;
				MTL_ENABLE_DEBUG_INFO = NO;
				MTL_FAST_MATH = YES;
				SDKROOT = iphoneos;
				SWIFT_COMPILATION_MODE = wholemodule;
				SWIFT_OPTIMIZATION_LEVEL = "-O";
				VALIDATE_PRODUCT = YES;
			};
			name = Release;
		};
		521681FE215F715000A461D6 /* Debug */ = {
			isa = XCBuildConfiguration;
			buildSettings = {
				ASSETCATALOG_COMPILER_APPICON_NAME = AppIcon;
				ASSETCATALOG_COMPILER_LAUNCHIMAGE_NAME = LaunchImage;
				CODE_SIGN_STYLE = Automatic;
				DEVELOPMENT_TEAM = 5L3VYPJF7X;
				INFOPLIST_FILE = LJDouYu/Info.plist;
				IPHONEOS_DEPLOYMENT_TARGET = 8.0;
				LD_RUNPATH_SEARCH_PATHS = (
					"$(inherited)",
					"@executable_path/Frameworks",
				);
				PRODUCT_BUNDLE_IDENTIFIER = cn.zsrt.LJDouYu;
				PRODUCT_NAME = "$(TARGET_NAME)";
				SWIFT_VERSION = 4.2;
				TARGETED_DEVICE_FAMILY = "1,2";
			};
			name = Debug;
		};
		521681FF215F715000A461D6 /* Release */ = {
			isa = XCBuildConfiguration;
			buildSettings = {
				ASSETCATALOG_COMPILER_APPICON_NAME = AppIcon;
				ASSETCATALOG_COMPILER_LAUNCHIMAGE_NAME = LaunchImage;
				CODE_SIGN_STYLE = Automatic;
				DEVELOPMENT_TEAM = 5L3VYPJF7X;
				INFOPLIST_FILE = LJDouYu/Info.plist;
				IPHONEOS_DEPLOYMENT_TARGET = 8.0;
				LD_RUNPATH_SEARCH_PATHS = (
					"$(inherited)",
					"@executable_path/Frameworks",
				);
				PRODUCT_BUNDLE_IDENTIFIER = cn.zsrt.LJDouYu;
				PRODUCT_NAME = "$(TARGET_NAME)";
				SWIFT_VERSION = 4.2;
				TARGETED_DEVICE_FAMILY = "1,2";
			};
			name = Release;
		};
		52168201215F715000A461D6 /* Debug */ = {
			isa = XCBuildConfiguration;
			buildSettings = {
				ALWAYS_EMBED_SWIFT_STANDARD_LIBRARIES = YES;
				BUNDLE_LOADER = "$(TEST_HOST)";
				CODE_SIGN_STYLE = Automatic;
				DEVELOPMENT_TEAM = 5L3VYPJF7X;
				INFOPLIST_FILE = LJDouYuTests/Info.plist;
				LD_RUNPATH_SEARCH_PATHS = (
					"$(inherited)",
					"@executable_path/Frameworks",
					"@loader_path/Frameworks",
				);
				PRODUCT_BUNDLE_IDENTIFIER = cn.zsrt.LJDouYuTests;
				PRODUCT_NAME = "$(TARGET_NAME)";
				SWIFT_VERSION = 4.2;
				TARGETED_DEVICE_FAMILY = "1,2";
				TEST_HOST = "$(BUILT_PRODUCTS_DIR)/LJDouYu.app/LJDouYu";
			};
			name = Debug;
		};
		52168202215F715000A461D6 /* Release */ = {
			isa = XCBuildConfiguration;
			buildSettings = {
				ALWAYS_EMBED_SWIFT_STANDARD_LIBRARIES = YES;
				BUNDLE_LOADER = "$(TEST_HOST)";
				CODE_SIGN_STYLE = Automatic;
				DEVELOPMENT_TEAM = 5L3VYPJF7X;
				INFOPLIST_FILE = LJDouYuTests/Info.plist;
				LD_RUNPATH_SEARCH_PATHS = (
					"$(inherited)",
					"@executable_path/Frameworks",
					"@loader_path/Frameworks",
				);
				PRODUCT_BUNDLE_IDENTIFIER = cn.zsrt.LJDouYuTests;
				PRODUCT_NAME = "$(TARGET_NAME)";
				SWIFT_VERSION = 4.2;
				TARGETED_DEVICE_FAMILY = "1,2";
				TEST_HOST = "$(BUILT_PRODUCTS_DIR)/LJDouYu.app/LJDouYu";
			};
			name = Release;
		};
		52168204215F715000A461D6 /* Debug */ = {
			isa = XCBuildConfiguration;
			buildSettings = {
				ALWAYS_EMBED_SWIFT_STANDARD_LIBRARIES = YES;
				CODE_SIGN_STYLE = Automatic;
				DEVELOPMENT_TEAM = 5L3VYPJF7X;
				INFOPLIST_FILE = LJDouYuUITests/Info.plist;
				LD_RUNPATH_SEARCH_PATHS = (
					"$(inherited)",
					"@executable_path/Frameworks",
					"@loader_path/Frameworks",
				);
				PRODUCT_BUNDLE_IDENTIFIER = cn.zsrt.LJDouYuUITests;
				PRODUCT_NAME = "$(TARGET_NAME)";
				SWIFT_VERSION = 4.2;
				TARGETED_DEVICE_FAMILY = "1,2";
				TEST_TARGET_NAME = LJDouYu;
			};
			name = Debug;
		};
		52168205215F715000A461D6 /* Release */ = {
			isa = XCBuildConfiguration;
			buildSettings = {
				ALWAYS_EMBED_SWIFT_STANDARD_LIBRARIES = YES;
				CODE_SIGN_STYLE = Automatic;
				DEVELOPMENT_TEAM = 5L3VYPJF7X;
				INFOPLIST_FILE = LJDouYuUITests/Info.plist;
				LD_RUNPATH_SEARCH_PATHS = (
					"$(inherited)",
					"@executable_path/Frameworks",
					"@loader_path/Frameworks",
				);
				PRODUCT_BUNDLE_IDENTIFIER = cn.zsrt.LJDouYuUITests;
				PRODUCT_NAME = "$(TARGET_NAME)";
				SWIFT_VERSION = 4.2;
				TARGETED_DEVICE_FAMILY = "1,2";
				TEST_TARGET_NAME = LJDouYu;
			};
			name = Release;
		};
/* End XCBuildConfiguration section */

/* Begin XCConfigurationList section */
		521681D0215F714E00A461D6 /* Build configuration list for PBXProject "LJDouYu" */ = {
			isa = XCConfigurationList;
			buildConfigurations = (
				521681FB215F715000A461D6 /* Debug */,
				521681FC215F715000A461D6 /* Release */,
			);
			defaultConfigurationIsVisible = 0;
			defaultConfigurationName = Release;
		};
		521681FD215F715000A461D6 /* Build configuration list for PBXNativeTarget "LJDouYu" */ = {
			isa = XCConfigurationList;
			buildConfigurations = (
				521681FE215F715000A461D6 /* Debug */,
				521681FF215F715000A461D6 /* Release */,
			);
			defaultConfigurationIsVisible = 0;
			defaultConfigurationName = Release;
		};
		52168200215F715000A461D6 /* Build configuration list for PBXNativeTarget "LJDouYuTests" */ = {
			isa = XCConfigurationList;
			buildConfigurations = (
				52168201215F715000A461D6 /* Debug */,
				52168202215F715000A461D6 /* Release */,
			);
			defaultConfigurationIsVisible = 0;
			defaultConfigurationName = Release;
		};
		52168203215F715000A461D6 /* Build configuration list for PBXNativeTarget "LJDouYuUITests" */ = {
			isa = XCConfigurationList;
			buildConfigurations = (
				52168204215F715000A461D6 /* Debug */,
				52168205215F715000A461D6 /* Release */,
			);
			defaultConfigurationIsVisible = 0;
			defaultConfigurationName = Release;
		};
/* End XCConfigurationList section */
	};
	rootObject = 521681CD215F714E00A461D6 /* Project object */;
}
